
Microsoft Visual Studio Solution File, Format Version 12.00
# Visual Studio Version 17
VisualStudioVersion = 17.0.31903.59
MinimumVisualStudioVersion = 10.0.40219.1
Project("{9A19103F-16F7-4668-BE54-9A1E7A4F7556}") = "DataAccess", "DataAccess\DataAccess.csproj", "{BE61C8E6-41E4-4645-B29B-29BA666D5E6E}"
EndProject
Project("{9A19103F-16F7-4668-BE54-9A1E7A4F7556}") = "Business", "Business\Business.csproj", "{265FF94D-F68F-4410-B498-6377C1486B29}"
EndProject
Project("{9A19103F-16F7-4668-BE54-9A1E7A4F7556}") = "Entities", "Entities\Entities.csproj", "{6197E632-5652-48EC-B84C-924073B67CA7}"
EndProject
Project("{9A19103F-16F7-4668-BE54-9A1E7A4F7556}") = "ConsoleUI", "ConsoleUI\ConsoleUI.csproj", "{D33D85A9-16D5-4527-9280-C79F50154E12}"
EndProject
Project("{FAE04EC0-301F-11D3-BF4B-00C04F79EFBC}") = "Core", "Core\Core.csproj", "{2964CCE4-713E-4FC8-BFAE-3E6462DCB8E5}"
EndProject
Global
	GlobalSection(SolutionConfigurationPlatforms) = preSolution
		Debug|Any CPU = Debug|Any CPU
		Release|Any CPU = Release|Any CPU
	EndGlobalSection
	GlobalSection(ProjectConfigurationPlatforms) = postSolution
		{BE61C8E6-41E4-4645-B29B-29BA666D5E6E}.Debug|Any CPU.ActiveCfg = Debug|Any CPU
		{BE61C8E6-41E4-4645-B29B-29BA666D5E6E}.Debug|Any CPU.Build.0 = Debug|Any CPU
		{BE61C8E6-41E4-4645-B29B-29BA666D5E6E}.Release|Any CPU.ActiveCfg = Release|Any CPU
		{BE61C8E6-41E4-4645-B29B-29BA666D5E6E}.Release|Any CPU.Build.0 = Release|Any CPU
		{265FF94D-F68F-4410-B498-6377C1486B29}.Debug|Any CPU.ActiveCfg = Debug|Any CPU
		{265FF94D-F68F-4410-B498-6377C1486B29}.Debug|Any CPU.Build.0 = Debug|Any CPU
		{265FF94D-F68F-4410-B498-6377C1486B29}.Release|Any CPU.ActiveCfg = Release|Any CPU
		{265FF94D-F68F-4410-B498-6377C1486B29}.Release|Any CPU.Build.0 = Release|Any CPU
		{6197E632-5652-48EC-B84C-924073B67CA7}.Debug|Any CPU.ActiveCfg = Debug|Any CPU
		{6197E632-5652-48EC-B84C-924073B67CA7}.Debug|Any CPU.Build.0 = Debug|Any CPU
		{6197E632-5652-48EC-B84C-924073B67CA7}.Release|Any CPU.ActiveCfg = Release|Any CPU
		{6197E632-5652-48EC-B84C-924073B67CA7}.Release|Any CPU.Build.0 = Release|Any CPU
		{D33D85A9-16D5-4527-9280-C79F50154E12}.Debug|Any CPU.ActiveCfg = Debug|Any CPU
		{D33D85A9-16D5-4527-9280-C79F50154E12}.Debug|Any CPU.Build.0 = Debug|Any CPU
		{D33D85A9-16D5-4527-9280-C79F50154E12}.Release|Any CPU.ActiveCfg = Release|Any CPU
		{D33D85A9-16D5-4527-9280-C79F50154E12}.Release|Any CPU.Build.0 = Release|Any CPU
		{2964CCE4-713E-4FC8-BFAE-3E6462DCB8E5}.Debug|Any CPU.ActiveCfg = Debug|Any CPU
		{2964CCE4-713E-4FC8-BFAE-3E6462DCB8E5}.Debug|Any CPU.Build.0 = Debug|Any CPU
		{2964CCE4-713E-4FC8-BFAE-3E6462DCB8E5}.Release|Any CPU.ActiveCfg = Release|Any CPU
		{2964CCE4-713E-4FC8-BFAE-3E6462DCB8E5}.Release|Any CPU.Build.0 = Release|Any CPU
	EndGlobalSection
	GlobalSection(SolutionProperties) = preSolution
		HideSolutionNode = FALSE
	EndGlobalSection
	GlobalSection(ExtensibilityGlobals) = postSolution
		SolutionGuid = {6DFC1EAC-DCE6-4872-AB74-A168DE6AAE52}
	EndGlobalSection
EndGlobal
